// !$*UTF8*$!
{
	archiveVersion = 1;
	classes = {
	};
	objectVersion = 46;
	objects = {

/* Begin PBXBuildFile section */
		3338AD3C1A9445E4000124EC /* AppDelegate.swift in Sources */ = {isa = PBXBuildFile; fileRef = 3338AD3B1A9445E4000124EC /* AppDelegate.swift */; };
		3338AD3E1A9445E4000124EC /* ViewController.swift in Sources */ = {isa = PBXBuildFile; fileRef = 3338AD3D1A9445E4000124EC /* ViewController.swift */; };
		3338AD411A9445E4000124EC /* Main.storyboard in Resources */ = {isa = PBXBuildFile; fileRef = 3338AD3F1A9445E4000124EC /* Main.storyboard */; };
		3338AD431A9445E4000124EC /* Images.xcassets in Resources */ = {isa = PBXBuildFile; fileRef = 3338AD421A9445E4000124EC /* Images.xcassets */; };
		3338AD461A9445E4000124EC /* LaunchScreen.xib in Resources */ = {isa = PBXBuildFile; fileRef = 3338AD441A9445E4000124EC /* LaunchScreen.xib */; };
		3338AD521A9445E4000124EC /* smileyTests.swift in Sources */ = {isa = PBXBuildFile; fileRef = 3338AD511A9445E4000124EC /* smileyTests.swift */; };
/* End PBXBuildFile section */

/* Begin PBXContainerItemProxy section */
		3338AD4C1A9445E4000124EC /* PBXContainerItemProxy */ = {
			isa = PBXContainerItemProxy;
			containerPortal = 3338AD2E1A9445E4000124EC /* Project object */;
			proxyType = 1;
			remoteGlobalIDString = 3338AD351A9445E4000124EC;
			remoteInfo = smiley;
		};
/* End PBXContainerItemProxy section */

/* Begin PBXFileReference section */
		3338AD361A9445E4000124EC /* smiley.app */ = {isa = PBXFileReference; explicitFileType = wrapper.application; includeInIndex = 0; path = smiley.app; sourceTree = BUILT_PRODUCTS_DIR; };
		3338AD3A1A9445E4000124EC /* Info.plist */ = {isa = PBXFileReference; lastKnownFileType = text.plist.xml; path = Info.plist; sourceTree = "<group>"; };
		3338AD3B1A9445E4000124EC /* AppDelegate.swift */ = {isa = PBXFileReference; lastKnownFileType = sourcecode.swift; path = AppDelegate.swift; sourceTree = "<group>"; };
		3338AD3D1A9445E4000124EC /* ViewController.swift */ = {isa = PBXFileReference; lastKnownFileType = sourcecode.swift; path = ViewController.swift; sourceTree = "<group>"; };
		3338AD401A9445E4000124EC /* Base */ = {isa = PBXFileReference; lastKnownFileType = file.storyboard; name = Base; path = Base.lproj/Main.storyboard; sourceTree = "<group>"; };
		3338AD421A9445E4000124EC /* Images.xcassets */ = {isa = PBXFileReference; lastKnownFileType = folder.assetcatalog; path = Images.xcassets; sourceTree = "<group>"; };
		3338AD451A9445E4000124EC /* Base */ = {isa = PBXFileReference; lastKnownFileType = file.xib; name = Base; path = Base.lproj/LaunchScreen.xib; sourceTree = "<group>"; };
		3338AD4B1A9445E4000124EC /* smileyTests.xctest */ = {isa = PBXFileReference; explicitFileType = wrapper.cfbundle; includeInIndex = 0; path = smileyTests.xctest; sourceTree = BUILT_PRODUCTS_DIR; };
		3338AD501A9445E4000124EC /* Info.plist */ = {isa = PBXFileReference; lastKnownFileType = text.plist.xml; path = Info.plist; sourceTree = "<group>"; };
		3338AD511A9445E4000124EC /* smileyTests.swift */ = {isa = PBXFileReference; lastKnownFileType = sourcecode.swift; path = smileyTests.swift; sourceTree = "<group>"; };
/* End PBXFileReference section */

/* Begin PBXFrameworksBuildPhase section */
		3338AD331A9445E4000124EC /* Frameworks */ = {
			isa = PBXFrameworksBuildPhase;
			buildActionMask = 2147483647;
			files = (
			);
			runOnlyForDeploymentPostprocessing = 0;
		};
		3338AD481A9445E4000124EC /* Frameworks */ = {
			isa = PBXFrameworksBuildPhase;
			buildActionMask = 2147483647;
			files = (
			);
			runOnlyForDeploymentPostprocessing = 0;
		};
/* End PBXFrameworksBuildPhase section */

/* Begin PBXGroup section */
		3338AD2D1A9445E3000124EC = {
			isa = PBXGroup;
			children = (
				3338AD381A9445E4000124EC /* smiley */,
				3338AD4E1A9445E4000124EC /* smileyTests */,
				3338AD371A9445E4000124EC /* Products */,
			);
			sourceTree = "<group>";
		};
		3338AD371A9445E4000124EC /* Products */ = {
			isa = PBXGroup;
			children = (
				3338AD361A9445E4000124EC /* smiley.app */,
				3338AD4B1A9445E4000124EC /* smileyTests.xctest */,
			);
			name = Products;
			sourceTree = "<group>";
		};
		3338AD381A9445E4000124EC /* smiley */ = {
			isa = PBXGroup;
			children = (
				3338AD3B1A9445E4000124EC /* AppDelegate.swift */,
				3338AD3D1A9445E4000124EC /* ViewController.swift */,
				3338AD3F1A9445E4000124EC /* Main.storyboard */,
				3338AD421A9445E4000124EC /* Images.xcassets */,
				3338AD441A9445E4000124EC /* LaunchScreen.xib */,
				3338AD391A9445E4000124EC /* Supporting Files */,
			);
			path = smiley;
			sourceTree = "<group>";
		};
		3338AD391A9445E4000124EC /* Supporting Files */ = {
			isa = PBXGroup;
			children = (
				3338AD3A1A9445E4000124EC /* Info.plist */,
			);
			name = "Supporting Files";
			sourceTree = "<group>";
		};
		3338AD4E1A9445E4000124EC /* smileyTests */ = {
			isa = PBXGroup;
			children = (
				3338AD511A9445E4000124EC /* smileyTests.swift */,
				3338AD4F1A9445E4000124EC /* Supporting Files */,
			);
			path = smileyTests;
			sourceTree = "<group>";
		};
		3338AD4F1A9445E4000124EC /* Supporting Files */ = {
			isa = PBXGroup;
			children = (
				3338AD501A9445E4000124EC /* Info.plist */,
			);
			name = "Supporting Files";
			sourceTree = "<group>";
		};
/* End PBXGroup section */

/* Begin PBXNativeTarget section */
		3338AD351A9445E4000124EC /* smiley */ = {
			isa = PBXNativeTarget;
			buildConfigurationList = 3338AD551A9445E4000124EC /* Build configuration list for PBXNativeTarget "smiley" */;
			buildPhases = (
				3338AD321A9445E4000124EC /* Sources */,
				3338AD331A9445E4000124EC /* Frameworks */,
				3338AD341A9445E4000124EC /* Resources */,
			);
			buildRules = (
			);
			dependencies = (
			);
			name = smiley;
			productName = smiley;
			productReference = 3338AD361A9445E4000124EC /* smiley.app */;
			productType = "com.apple.product-type.application";
		};
		3338AD4A1A9445E4000124EC /* smileyTests */ = {
			isa = PBXNativeTarget;
			buildConfigurationList = 3338AD581A9445E4000124EC /* Build configuration list for PBXNativeTarget "smileyTests" */;
			buildPhases = (
				3338AD471A9445E4000124EC /* Sources */,
				3338AD481A9445E4000124EC /* Frameworks */,
				3338AD491A9445E4000124EC /* Resources */,
			);
			buildRules = (
			);
			dependencies = (
				3338AD4D1A9445E4000124EC /* PBXTargetDependency */,
			);
			name = smileyTests;
			productName = smileyTests;
			productReference = 3338AD4B1A9445E4000124EC /* smileyTests.xctest */;
			productType = "com.apple.product-type.bundle.unit-test";
		};
/* End PBXNativeTarget section */

/* Begin PBXProject section */
		3338AD2E1A9445E4000124EC /* Project object */ = {
			isa = PBXProject;
			attributes = {
				LastUpgradeCheck = 0610;
				ORGANIZATIONNAME = ifd;
				TargetAttributes = {
					3338AD351A9445E4000124EC = {
						CreatedOnToolsVersion = 6.1.1;
					};
					3338AD4A1A9445E4000124EC = {
						CreatedOnToolsVersion = 6.1.1;
						TestTargetID = 3338AD351A9445E4000124EC;
					};
				};
			};
			buildConfigurationList = 3338AD311A9445E4000124EC /* Build configuration list for PBXProject "smiley" */;
			compatibilityVersion = "Xcode 3.2";
			developmentRegion = English;
			hasScannedForEncodings = 0;
			knownRegions = (
				en,
				Base,
			);
			mainGroup = 3338AD2D1A9445E3000124EC;
			productRefGroup = 3338AD371A9445E4000124EC /* Products */;
			projectDirPath = "";
			projectRoot = "";
			targets = (
				3338AD351A9445E4000124EC /* smiley */,
				3338AD4A1A9445E4000124EC /* smileyTests */,
			);
		};
/* End PBXProject section */

/* Begin PBXResourcesBuildPhase section */
		3338AD341A9445E4000124EC /* Resources */ = {
			isa = PBXResourcesBuildPhase;
			buildActionMask = 2147483647;
			files = (
				3338AD411A9445E4000124EC /* Main.storyboard in Resources */,
				3338AD461A9445E4000124EC /* LaunchScreen.xib in Resources */,
				3338AD431A9445E4000124EC /* Images.xcassets in Resources */,
			);
			runOnlyForDeploymentPostprocessing = 0;
		};
		3338AD491A9445E4000124EC /* Resources */ = {
			isa = PBXResourcesBuildPhase;
			buildActionMask = 2147483647;
			files = (
			);
			runOnlyForDeploymentPostprocessing = 0;
		};
/* End PBXResourcesBuildPhase section */

/* Begin PBXSourcesBuildPhase section */
		3338AD321A9445E4000124EC /* Sources */ = {
			isa = PBXSourcesBuildPhase;
			buildActionMask = 2147483647;
			files = (
				3338AD3E1A9445E4000124EC /* ViewController.swift in Sources */,
				3338AD3C1A9445E4000124EC /* AppDelegate.swift in Sources */,
			);
			runOnlyForDeploymentPostprocessing = 0;
		};
		3338AD471A9445E4000124EC /* Sources */ = {
			isa = PBXSourcesBuildPhase;
			buildActionMask = 2147483647;
			files = (
				3338AD521A9445E4000124EC /* smileyTests.swift in Sources */,
			);
			runOnlyForDeploymentPostprocessing = 0;
		};
/* End PBXSourcesBuildPhase section */

/* Begin PBXTargetDependency section */
		3338AD4D1A9445E4000124EC /* PBXTargetDependency */ = {
			isa = PBXTargetDependency;
			target = 3338AD351A9445E4000124EC /* smiley */;
			targetProxy = 3338AD4C1A9445E4000124EC /* PBXContainerItemProxy */;
		};
/* End PBXTargetDependency section */

/* Begin PBXVariantGroup section */
		3338AD3F1A9445E4000124EC /* Main.storyboard */ = {
			isa = PBXVariantGroup;
			children = (
				3338AD401A9445E4000124EC /* Base */,
			);
			name = Main.storyboard;
			sourceTree = "<group>";
		};
		3338AD441A9445E4000124EC /* LaunchScreen.xib */ = {
			isa = PBXVariantGroup;
			children = (
				3338AD451A9445E4000124EC /* Base */,
			);
			name = LaunchScreen.xib;
			sourceTree = "<group>";
		};
/* End PBXVariantGroup section */

/* Begin XCBuildConfiguration section */
		3338AD531A9445E4000124EC /* Debug */ = {
			isa = XCBuildConfiguration;
			buildSettings = {
				ALWAYS_SEARCH_USER_PATHS = NO;
				CLANG_CXX_LANGUAGE_STANDARD = "gnu++0x";
				CLANG_CXX_LIBRARY = "libc++";
				CLANG_ENABLE_MODULES = YES;
				CLANG_ENABLE_OBJC_ARC = YES;
				CLANG_WARN_BOOL_CONVERSION = YES;
				CLANG_WARN_CONSTANT_CONVERSION = YES;
				CLANG_WARN_DIRECT_OBJC_ISA_USAGE = YES_ERROR;
				CLANG_WARN_EMPTY_BODY = YES;
				CLANG_WARN_ENUM_CONVERSION = YES;
				CLANG_WARN_INT_CONVERSION = YES;
				CLANG_WARN_OBJC_ROOT_CLASS = YES_ERROR;
				CLANG_WARN_UNREACHABLE_CODE = YES;
				CLANG_WARN__DUPLICATE_METHOD_MATCH = YES;
				"CODE_SIGN_IDENTITY[sdk=iphoneos*]" = "iPhone Developer";
				COPY_PHASE_STRIP = NO;
				ENABLE_STRICT_OBJC_MSGSEND = YES;
				GCC_C_LANGUAGE_STANDARD = gnu99;
				GCC_DYNAMIC_NO_PIC = NO;
				GCC_OPTIMIZATION_LEVEL = 0;
				GCC_PREPROCESSOR_DEFINITIONS = (
					"DEBUG=1",
					"$(inherited)",
				);
				GCC_SYMBOLS_PRIVATE_EXTERN = NO;
				GCC_WARN_64_TO_32_BIT_CONVERSION = YES;
				GCC_WARN_ABOUT_RETURN_TYPE = YES_ERROR;
				GCC_WARN_UNDECLARED_SELECTOR = YES;
				GCC_WARN_UNINITIALIZED_AUTOS = YES_AGGRESSIVE;
				GCC_WARN_UNUSED_FUNCTION = YES;
				GCC_WARN_UNUSED_VARIABLE = YES;
				IPHONEOS_DEPLOYMENT_TARGET = 8.1;
				MTL_ENABLE_DEBUG_INFO = YES;
				ONLY_ACTIVE_ARCH = YES;
				SDKROOT = iphoneos;
				SWIFT_OPTIMIZATION_LEVEL = "-Onone";
			};
			name = Debug;
		};
		3338AD541A9445E4000124EC /* Release */ = {
			isa = XCBuildConfiguration;
			buildSettings = {
				ALWAYS_SEARCH_USER_PATHS = NO;
				CLANG_CXX_LANGUAGE_STANDARD = "gnu++0x";
				CLANG_CXX_LIBRARY = "libc++";
				CLANG_ENABLE_MODULES = YES;
				CLANG_ENABLE_OBJC_ARC = YES;
				CLANG_WARN_BOOL_CONVERSION = YES;
				CLANG_WARN_CONSTANT_CONVERSION = YES;
				CLANG_WARN_DIRECT_OBJC_ISA_USAGE = YES_ERROR;
				CLANG_WARN_EMPTY_BODY = YES;
				CLANG_WARN_ENUM_CONVERSION = YES;
				CLANG_WARN_INT_CONVERSION = YES;
				CLANG_WARN_OBJC_ROOT_CLASS = YES_ERROR;
				CLANG_WARN_UNREACHABLE_CODE = YES;
				CLANG_WARN__DUPLICATE_METHOD_MATCH = YES;
				"CODE_SIGN_IDENTITY[sdk=iphoneos*]" = "iPhone Developer";
				COPY_PHASE_STRIP = YES;
				ENABLE_NS_ASSERTIONS = NO;
				ENABLE_STRICT_OBJC_MSGSEND = YES;
				GCC_C_LANGUAGE_STANDARD = gnu99;
				GCC_WARN_64_TO_32_BIT_CONVERSION = YES;
				GCC_WARN_ABOUT_RETURN_TYPE = YES_ERROR;
				GCC_WARN_UNDECLARED_SELECTOR = YES;
				GCC_WARN_UNINITIALIZED_AUTOS = YES_AGGRESSIVE;
				GCC_WARN_UNUSED_FUNCTION = YES;
				GCC_WARN_UNUSED_VARIABLE = YES;
				IPHONEOS_DEPLOYMENT_TARGET = 8.1;
				MTL_ENABLE_DEBUG_INFO = NO;
				SDKROOT = iphoneos;
				VALIDATE_PRODUCT = YES;
			};
			name = Release;
		};
		3338AD561A9445E4000124EC /* Debug */ = {
			isa = XCBuildConfiguration;
			buildSettings = {
				ASSETCATALOG_COMPILER_APPICON_NAME = AppIcon;
				INFOPLIST_FILE = smiley/Info.plist;
				LD_RUNPATH_SEARCH_PATHS = "$(inherited) @executable_path/Frameworks";
				PRODUCT_NAME = "$(TARGET_NAME)";
			};
			name = Debug;
		};
		3338AD571A9445E4000124EC /* Release */ = {
			isa = XCBuildConfiguration;
			buildSettings = {
				ASSETCATALOG_COMPILER_APPICON_NAME = AppIcon;
				INFOPLIST_FILE = smiley/Info.plist;
				LD_RUNPATH_SEARCH_PATHS = "$(inherited) @executable_path/Frameworks";
				PRODUCT_NAME = "$(TARGET_NAME)";
			};
			name = Release;
		};
		3338AD591A9445E4000124EC /* Debug */ = {
			isa = XCBuildConfiguration;
			buildSettings = {
				BUNDLE_LOADER = "$(TEST_HOST)";
				FRAMEWORK_SEARCH_PATHS = (
					"$(SDKROOT)/Developer/Library/Frameworks",
					"$(inherited)",
				);
				GCC_PREPROCESSOR_DEFINITIONS = (
					"DEBUG=1",
					"$(inherited)",
				);
				INFOPLIST_FILE = smileyTests/Info.plist;
				LD_RUNPATH_SEARCH_PATHS = "$(inherited) @executable_path/Frameworks @loader_path/Frameworks";
				PRODUCT_NAME = "$(TARGET_NAME)";
				TEST_HOST = "$(BUILT_PRODUCTS_DIR)/smiley.app/smiley";
			};
			name = Debug;
		};
		3338AD5A1A9445E4000124EC /* Release */ = {
			isa = XCBuildConfiguration;
			buildSettings = {
				BUNDLE_LOADER = "$(TEST_HOST)";
				FRAMEWORK_SEARCH_PATHS = (
					"$(SDKROOT)/Developer/Library/Frameworks",
					"$(inherited)",
				);
				INFOPLIST_FILE = smileyTests/Info.plist;
				LD_RUNPATH_SEARCH_PATHS = "$(inherited) @executable_path/Frameworks @loader_path/Frameworks";
				PRODUCT_NAME = "$(TARGET_NAME)";
				TEST_HOST = "$(BUILT_PRODUCTS_DIR)/smiley.app/smiley";
			};
			name = Release;
		};
/* End XCBuildConfiguration section */

/* Begin XCConfigurationList section */
		3338AD311A9445E4000124EC /* Build configuration list for PBXProject "smiley" */ = {
			isa = XCConfigurationList;
			buildConfigurations = (
				3338AD531A9445E4000124EC /* Debug */,
				3338AD541A9445E4000124EC /* Release */,
			);
			defaultConfigurationIsVisible = 0;
			defaultConfigurationName = Release;
		};
		3338AD551A9445E4000124EC /* Build configuration list for PBXNativeTarget "smiley" */ = {
			isa = XCConfigurationList;
			buildConfigurations = (
				3338AD561A9445E4000124EC /* Debug */,
				3338AD571A9445E4000124EC /* Release */,
			);
			defaultConfigurationIsVisible = 0;
		};
		3338AD581A9445E4000124EC /* Build configuration list for PBXNativeTarget "smileyTests" */ = {
			isa = XCConfigurationList;
			buildConfigurations = (
				3338AD591A9445E4000124EC /* Debug */,
				3338AD5A1A9445E4000124EC /* Release */,
			);
			defaultConfigurationIsVisible = 0;
		};
/* End XCConfigurationList section */
	};
	rootObject = 3338AD2E1A9445E4000124EC /* Project object */;
}
